// !$*UTF8*$!
{
	archiveVersion = 1;
	classes = {
	};
	objectVersion = 46;
	objects = {

/* Begin PBXBuildFile section */
		F72132CB1A93EB860047AF2A /* main.m in Sources */ = {isa = PBXBuildFile; fileRef = F72132CA1A93EB860047AF2A /* main.m */; };
		F72132D81A93EC1B0047AF2A /* Fila.m in Sources */ = {isa = PBXBuildFile; fileRef = F72132D21A93EC1B0047AF2A /* Fila.m */; };
		F72132D91A93EC1B0047AF2A /* Jogador.m in Sources */ = {isa = PBXBuildFile; fileRef = F72132D41A93EC1B0047AF2A /* Jogador.m */; };
		F72132DA1A93EC1B0047AF2A /* Jogo.m in Sources */ = {isa = PBXBuildFile; fileRef = F72132D61A93EC1B0047AF2A /* Jogo.m */; };
/* End PBXBuildFile section */

/* Begin PBXCopyFilesBuildPhase section */
		F72132C51A93EB860047AF2A /* CopyFiles */ = {
			isa = PBXCopyFilesBuildPhase;
			buildActionMask = 2147483647;
			dstPath = /usr/share/man/man1/;
			dstSubfolderSpec = 0;
			files = (
			);
			runOnlyForDeploymentPostprocessing = 1;
		};
/* End PBXCopyFilesBuildPhase section */

/* Begin PBXFileReference section */
		F72132C71A93EB860047AF2A /* Genius */ = {isa = PBXFileReference; explicitFileType = "compiled.mach-o.executable"; includeInIndex = 0; path = Genius; sourceTree = BUILT_PRODUCTS_DIR; };
		F72132CA1A93EB860047AF2A /* main.m */ = {isa = PBXFileReference; lastKnownFileType = sourcecode.c.objc; path = main.m; sourceTree = "<group>"; };
		F72132D11A93EC1B0047AF2A /* Fila.h */ = {isa = PBXFileReference; fileEncoding = 4; lastKnownFileType = sourcecode.c.h; path = Fila.h; sourceTree = "<group>"; };
		F72132D21A93EC1B0047AF2A /* Fila.m */ = {isa = PBXFileReference; fileEncoding = 4; lastKnownFileType = sourcecode.c.objc; path = Fila.m; sourceTree = "<group>"; };
		F72132D31A93EC1B0047AF2A /* Jogador.h */ = {isa = PBXFileReference; fileEncoding = 4; lastKnownFileType = sourcecode.c.h; path = Jogador.h; sourceTree = "<group>"; };
		F72132D41A93EC1B0047AF2A /* Jogador.m */ = {isa = PBXFileReference; fileEncoding = 4; lastKnownFileType = sourcecode.c.objc; path = Jogador.m; sourceTree = "<group>"; };
		F72132D51A93EC1B0047AF2A /* Jogo.h */ = {isa = PBXFileReference; fileEncoding = 4; lastKnownFileType = sourcecode.c.h; path = Jogo.h; sourceTree = "<group>"; };
		F72132D61A93EC1B0047AF2A /* Jogo.m */ = {isa = PBXFileReference; fileEncoding = 4; lastKnownFileType = sourcecode.c.objc; path = Jogo.m; sourceTree = "<group>"; };
/* End PBXFileReference section */

/* Begin PBXFrameworksBuildPhase section */
		F72132C41A93EB860047AF2A /* Frameworks */ = {
			isa = PBXFrameworksBuildPhase;
			buildActionMask = 2147483647;
			files = (
			);
			runOnlyForDeploymentPostprocessing = 0;
		};
/* End PBXFrameworksBuildPhase section */

/* Begin PBXGroup section */
		F72132BE1A93EB860047AF2A = {
			isa = PBXGroup;
			children = (
				F72132C91A93EB860047AF2A /* Genius */,
				F72132C81A93EB860047AF2A /* Products */,
			);
			sourceTree = "<group>";
		};
		F72132C81A93EB860047AF2A /* Products */ = {
			isa = PBXGroup;
			children = (
				F72132C71A93EB860047AF2A /* Genius */,
			);
			name = Products;
			sourceTree = "<group>";
		};
		F72132C91A93EB860047AF2A /* Genius */ = {
			isa = PBXGroup;
			children = (
				F72132D11A93EC1B0047AF2A /* Fila.h */,
				F72132D21A93EC1B0047AF2A /* Fila.m */,
				F72132D31A93EC1B0047AF2A /* Jogador.h */,
				F72132D41A93EC1B0047AF2A /* Jogador.m */,
				F72132D51A93EC1B0047AF2A /* Jogo.h */,
				F72132D61A93EC1B0047AF2A /* Jogo.m */,
				F72132CA1A93EB860047AF2A /* main.m */,
			);
			path = Genius;
			sourceTree = "<group>";
		};
/* End PBXGroup section */

/* Begin PBXNativeTarget section */
		F72132C61A93EB860047AF2A /* Genius */ = {
			isa = PBXNativeTarget;
			buildConfigurationList = F72132CE1A93EB860047AF2A /* Build configuration list for PBXNativeTarget "Genius" */;
			buildPhases = (
				F72132C31A93EB860047AF2A /* Sources */,
				F72132C41A93EB860047AF2A /* Frameworks */,
				F72132C51A93EB860047AF2A /* CopyFiles */,
			);
			buildRules = (
			);
			dependencies = (
			);
			name = Genius;
			productName = Genius;
			productReference = F72132C71A93EB860047AF2A /* Genius */;
			productType = "com.apple.product-type.tool";
		};
/* End PBXNativeTarget section */

/* Begin PBXProject section */
		F72132BF1A93EB860047AF2A /* Project object */ = {
			isa = PBXProject;
			attributes = {
				LastUpgradeCheck = 0610;
				ORGANIZATIONNAME = "André Helaehil";
				TargetAttributes = {
					F72132C61A93EB860047AF2A = {
						CreatedOnToolsVersion = 6.1.1;
					};
				};
			};
			buildConfigurationList = F72132C21A93EB860047AF2A /* Build configuration list for PBXProject "Genius" */;
			compatibilityVersion = "Xcode 3.2";
			developmentRegion = English;
			hasScannedForEncodings = 0;
			knownRegions = (
				en,
			);
			mainGroup = F72132BE1A93EB860047AF2A;
			productRefGroup = F72132C81A93EB860047AF2A /* Products */;
			projectDirPath = "";
			projectRoot = "";
			targets = (
				F72132C61A93EB860047AF2A /* Genius */,
			);
		};
/* End PBXProject section */

/* Begin PBXSourcesBuildPhase section */
		F72132C31A93EB860047AF2A /* Sources */ = {
			isa = PBXSourcesBuildPhase;
			buildActionMask = 2147483647;
			files = (
				F72132DA1A93EC1B0047AF2A /* Jogo.m in Sources */,
				F72132CB1A93EB860047AF2A /* main.m in Sources */,
				F72132D91A93EC1B0047AF2A /* Jogador.m in Sources */,
				F72132D81A93EC1B0047AF2A /* Fila.m in Sources */,
			);
			runOnlyForDeploymentPostprocessing = 0;
		};
/* End PBXSourcesBuildPhase section */

/* Begin XCBuildConfiguration section */
		F72132CC1A93EB860047AF2A /* Debug */ = {
			isa = XCBuildConfiguration;
			buildSettings = {
				ALWAYS_SEARCH_USER_PATHS = NO;
				CLANG_CXX_LANGUAGE_STANDARD = "gnu++0x";
				CLANG_CXX_LIBRARY = "libc++";
				CLANG_ENABLE_MODULES = YES;
				CLANG_ENABLE_OBJC_ARC = YES;
				CLANG_WARN_BOOL_CONVERSION = YES;
				CLANG_WARN_CONSTANT_CONVERSION = YES;
				CLANG_WARN_DIRECT_OBJC_ISA_USAGE = YES_ERROR;
				CLANG_WARN_EMPTY_BODY = YES;
				CLANG_WARN_ENUM_CONVERSION = YES;
				CLANG_WARN_INT_CONVERSION = YES;
				CLANG_WARN_OBJC_ROOT_CLASS = YES_ERROR;
				CLANG_WARN_UNREACHABLE_CODE = YES;
				CLANG_WARN__DUPLICATE_METHOD_MATCH = YES;
				COPY_PHASE_STRIP = NO;
				ENABLE_STRICT_OBJC_MSGSEND = YES;
				GCC_C_LANGUAGE_STANDARD = gnu99;
				GCC_DYNAMIC_NO_PIC = NO;
				GCC_OPTIMIZATION_LEVEL = 0;
				GCC_PREPROCESSOR_DEFINITIONS = (
					"DEBUG=1",
					"$(inherited)",
				);
				GCC_SYMBOLS_PRIVATE_EXTERN = NO;
				GCC_WARN_64_TO_32_BIT_CONVERSION = YES;
				GCC_WARN_ABOUT_RETURN_TYPE = YES_ERROR;
				GCC_WARN_UNDECLARED_SELECTOR = YES;
				GCC_WARN_UNINITIALIZED_AUTOS = YES_AGGRESSIVE;
				GCC_WARN_UNUSED_FUNCTION = YES;
				GCC_WARN_UNUSED_VARIABLE = YES;
				MACOSX_DEPLOYMENT_TARGET = 10.10;
				MTL_ENABLE_DEBUG_INFO = YES;
				ONLY_ACTIVE_ARCH = YES;
				SDKROOT = macosx;
			};
			name = Debug;
		};
		F72132CD1A93EB860047AF2A /* Release */ = {
			isa = XCBuildConfiguration;
			buildSettings = {
				ALWAYS_SEARCH_USER_PATHS = NO;
				CLANG_CXX_LANGUAGE_STANDARD = "gnu++0x";
				CLANG_CXX_LIBRARY = "libc++";
				CLANG_ENABLE_MODULES = YES;
				CLANG_ENABLE_OBJC_ARC = YES;
				CLANG_WARN_BOOL_CONVERSION = YES;
				CLANG_WARN_CONSTANT_CONVERSION = YES;
				CLANG_WARN_DIRECT_OBJC_ISA_USAGE = YES_ERROR;
				CLANG_WARN_EMPTY_BODY = YES;
				CLANG_WARN_ENUM_CONVERSION = YES;
				CLANG_WARN_INT_CONVERSION = YES;
				CLANG_WARN_OBJC_ROOT_CLASS = YES_ERROR;
				CLANG_WARN_UNREACHABLE_CODE = YES;
				CLANG_WARN__DUPLICATE_METHOD_MATCH = YES;
				COPY_PHASE_STRIP = YES;
				DEBUG_INFORMATION_FORMAT = "dwarf-with-dsym";
				ENABLE_NS_ASSERTIONS = NO;
				ENABLE_STRICT_OBJC_MSGSEND = YES;
				GCC_C_LANGUAGE_STANDARD = gnu99;
				GCC_WARN_64_TO_32_BIT_CONVERSION = YES;
				GCC_WARN_ABOUT_RETURN_TYPE = YES_ERROR;
				GCC_WARN_UNDECLARED_SELECTOR = YES;
				GCC_WARN_UNINITIALIZED_AUTOS = YES_AGGRESSIVE;
				GCC_WARN_UNUSED_FUNCTION = YES;
				GCC_WARN_UNUSED_VARIABLE = YES;
				MACOSX_DEPLOYMENT_TARGET = 10.10;
				MTL_ENABLE_DEBUG_INFO = NO;
				SDKROOT = macosx;
			};
			name = Release;
		};
		F72132CF1A93EB860047AF2A /* Debug */ = {
			isa = XCBuildConfiguration;
			buildSettings = {
				PRODUCT_NAME = "$(TARGET_NAME)";
			};
			name = Debug;
		};
		F72132D01A93EB860047AF2A /* Release */ = {
			isa = XCBuildConfiguration;
			buildSettings = {
				PRODUCT_NAME = "$(TARGET_NAME)";
			};
			name = Release;
		};
/* End XCBuildConfiguration section */

/* Begin XCConfigurationList section */
		F72132C21A93EB860047AF2A /* Build configuration list for PBXProject "Genius" */ = {
			isa = XCConfigurationList;
			buildConfigurations = (
				F72132CC1A93EB860047AF2A /* Debug */,
				F72132CD1A93EB860047AF2A /* Release */,
			);
			defaultConfigurationIsVisible = 0;
			defaultConfigurationName = Release;
		};
		F72132CE1A93EB860047AF2A /* Build configuration list for PBXNativeTarget "Genius" */ = {
			isa = XCConfigurationList;
			buildConfigurations = (
				F72132CF1A93EB860047AF2A /* Debug */,
				F72132D01A93EB860047AF2A /* Release */,
			);
			defaultConfigurationIsVisible = 0;
			defaultConfigurationName = Release;
		};
/* End XCConfigurationList section */
	};
	rootObject = F72132BF1A93EB860047AF2A /* Project object */;
}
